
Microsoft Visual Studio Solution File, Format Version 12.00
# Visual Studio 14
VisualStudioVersion = 14.0.23107.0
MinimumVisualStudioVersion = 10.0.40219.1
Project("{FAE04EC0-301F-11D3-BF4B-00C04F79EFBC}") = "cmdLineTokenizer", "cmdLineTokenizer\cmdLineTokenizer.csproj", "{7B351F20-840B-437C-900D-DF4A2293C567}"
EndProject
Project("{FAE04EC0-301F-11D3-BF4B-00C04F79EFBC}") = "Tokenizer.Tests", "TokenizerTests\Tokenizer.Tests.csproj", "{530B2238-41C4-4E93-894A-55F116738B23}"
EndProject
Global
	GlobalSection(SolutionConfigurationPlatforms) = preSolution
		Debug|Any CPU = Debug|Any CPU
		Release|Any CPU = Release|Any CPU
	EndGlobalSection
	GlobalSection(ProjectConfigurationPlatforms) = postSolution
		{7B351F20-840B-437C-900D-DF4A2293C567}.Debug|Any CPU.ActiveCfg = Debug|Any CPU
		{7B351F20-840B-437C-900D-DF4A2293C567}.Debug|Any CPU.Build.0 = Debug|Any CPU
		{7B351F20-840B-437C-900D-DF4A2293C567}.Release|Any CPU.ActiveCfg = Release|Any CPU
		{7B351F20-840B-437C-900D-DF4A2293C567}.Release|Any CPU.Build.0 = Release|Any CPU
		{530B2238-41C4-4E93-894A-55F116738B23}.Debug|Any CPU.ActiveCfg = Debug|Any CPU
		{530B2238-41C4-4E93-894A-55F116738B23}.Debug|Any CPU.Build.0 = Debug|Any CPU
		{530B2238-41C4-4E93-894A-55F116738B23}.Release|Any CPU.ActiveCfg = Release|Any CPU
		{530B2238-41C4-4E93-894A-55F116738B23}.Release|Any CPU.Build.0 = Release|Any CPU
	EndGlobalSection
	GlobalSection(SolutionProperties) = preSolution
		HideSolutionNode = FALSE
	EndGlobalSection
EndGlobal
